
Microsoft Visual Studio Solution File, Format Version 12.00
# Visual Studio Version 17
VisualStudioVersion = 17.0.31903.59
MinimumVisualStudioVersion = 10.0.40219.1
Project("{2150E333-8FDC-42A3-9474-1A3956D46DE8}") = "src", "src", "{827E0CD3-B72D-47B6-A68D-7590B98EB39B}"
EndProject
Project("{FAE04EC0-301F-11D3-BF4B-00C04F79EFBC}") = "CEMETRIX.Domain", "src\CEMETRIX.Domain\CEMETRIX.Domain.csproj", "{649BA0B5-4DD7-4CD3-94AD-0D70296943CE}"
EndProject
Project("{FAE04EC0-301F-11D3-BF4B-00C04F79EFBC}") = "CEMETRIX.Application", "src\CEMETRIX.Application\CEMETRIX.Application.csproj", "{CFB1DF4C-1546-429A-9462-1FD192BA4C44}"
EndProject
Project("{FAE04EC0-301F-11D3-BF4B-00C04F79EFBC}") = "CEMETRIX.Infrastructure", "src\CEMETRIX.Infrastructure\CEMETRIX.Infrastructure.csproj", "{96191DE2-E44D-47EB-A132-4DF45FA3735C}"
EndProject
Project("{FAE04EC0-301F-11D3-BF4B-00C04F79EFBC}") = "CEMETRIX.API", "src\CEMETRIX.API\CEMETRIX.API.csproj", "{9E0CEDD8-44FB-4DF2-BB3A-17E8DD51951E}"
EndProject
Project("{FAE04EC0-301F-11D3-BF4B-00C04F79EFBC}") = "CEMETRIX.Web", "src\CEMETRIX.Web\CEMETRIX.Web.csproj", "{01C9B6CE-1445-4D28-897C-B7856B4339C3}"
EndProject
Global
	GlobalSection(SolutionConfigurationPlatforms) = preSolution
		Debug|Any CPU = Debug|Any CPU
		Debug|x64 = Debug|x64
		Debug|x86 = Debug|x86
		Release|Any CPU = Release|Any CPU
		Release|x64 = Release|x64
		Release|x86 = Release|x86
	EndGlobalSection
	GlobalSection(ProjectConfigurationPlatforms) = postSolution
		{649BA0B5-4DD7-4CD3-94AD-0D70296943CE}.Debug|Any CPU.ActiveCfg = Debug|Any CPU
		{649BA0B5-4DD7-4CD3-94AD-0D70296943CE}.Debug|Any CPU.Build.0 = Debug|Any CPU
		{649BA0B5-4DD7-4CD3-94AD-0D70296943CE}.Debug|x64.ActiveCfg = Debug|Any CPU
		{649BA0B5-4DD7-4CD3-94AD-0D70296943CE}.Debug|x64.Build.0 = Debug|Any CPU
		{649BA0B5-4DD7-4CD3-94AD-0D70296943CE}.Debug|x86.ActiveCfg = Debug|Any CPU
		{649BA0B5-4DD7-4CD3-94AD-0D70296943CE}.Debug|x86.Build.0 = Debug|Any CPU
		{649BA0B5-4DD7-4CD3-94AD-0D70296943CE}.Release|Any CPU.ActiveCfg = Release|Any CPU
		{649BA0B5-4DD7-4CD3-94AD-0D70296943CE}.Release|Any CPU.Build.0 = Release|Any CPU
		{649BA0B5-4DD7-4CD3-94AD-0D70296943CE}.Release|x64.ActiveCfg = Release|Any CPU
		{649BA0B5-4DD7-4CD3-94AD-0D70296943CE}.Release|x64.Build.0 = Release|Any CPU
		{649BA0B5-4DD7-4CD3-94AD-0D70296943CE}.Release|x86.ActiveCfg = Release|Any CPU
		{649BA0B5-4DD7-4CD3-94AD-0D70296943CE}.Release|x86.Build.0 = Release|Any CPU
		{CFB1DF4C-1546-429A-9462-1FD192BA4C44}.Debug|Any CPU.ActiveCfg = Debug|Any CPU
		{CFB1DF4C-1546-429A-9462-1FD192BA4C44}.Debug|Any CPU.Build.0 = Debug|Any CPU
		{CFB1DF4C-1546-429A-9462-1FD192BA4C44}.Debug|x64.ActiveCfg = Debug|Any CPU
		{CFB1DF4C-1546-429A-9462-1FD192BA4C44}.Debug|x64.Build.0 = Debug|Any CPU
		{CFB1DF4C-1546-429A-9462-1FD192BA4C44}.Debug|x86.ActiveCfg = Debug|Any CPU
		{CFB1DF4C-1546-429A-9462-1FD192BA4C44}.Debug|x86.Build.0 = Debug|Any CPU
		{CFB1DF4C-1546-429A-9462-1FD192BA4C44}.Release|Any CPU.ActiveCfg = Release|Any CPU
		{CFB1DF4C-1546-429A-9462-1FD192BA4C44}.Release|Any CPU.Build.0 = Release|Any CPU
		{CFB1DF4C-1546-429A-9462-1FD192BA4C44}.Release|x64.ActiveCfg = Release|Any CPU
		{CFB1DF4C-1546-429A-9462-1FD192BA4C44}.Release|x64.Build.0 = Release|Any CPU
		{CFB1DF4C-1546-429A-9462-1FD192BA4C44}.Release|x86.ActiveCfg = Release|Any CPU
		{CFB1DF4C-1546-429A-9462-1FD192BA4C44}.Release|x86.Build.0 = Release|Any CPU
		{96191DE2-E44D-47EB-A132-4DF45FA3735C}.Debug|Any CPU.ActiveCfg = Debug|Any CPU
		{96191DE2-E44D-47EB-A132-4DF45FA3735C}.Debug|Any CPU.Build.0 = Debug|Any CPU
		{96191DE2-E44D-47EB-A132-4DF45FA3735C}.Debug|x64.ActiveCfg = Debug|Any CPU
		{96191DE2-E44D-47EB-A132-4DF45FA3735C}.Debug|x64.Build.0 = Debug|Any CPU
		{96191DE2-E44D-47EB-A132-4DF45FA3735C}.Debug|x86.ActiveCfg = Debug|Any CPU
		{96191DE2-E44D-47EB-A132-4DF45FA3735C}.Debug|x86.Build.0 = Debug|Any CPU
		{96191DE2-E44D-47EB-A132-4DF45FA3735C}.Release|Any CPU.ActiveCfg = Release|Any CPU
		{96191DE2-E44D-47EB-A132-4DF45FA3735C}.Release|Any CPU.Build.0 = Release|Any CPU
		{96191DE2-E44D-47EB-A132-4DF45FA3735C}.Release|x64.ActiveCfg = Release|Any CPU
		{96191DE2-E44D-47EB-A132-4DF45FA3735C}.Release|x64.Build.0 = Release|Any CPU
		{96191DE2-E44D-47EB-A132-4DF45FA3735C}.Release|x86.ActiveCfg = Release|Any CPU
		{96191DE2-E44D-47EB-A132-4DF45FA3735C}.Release|x86.Build.0 = Release|Any CPU
		{9E0CEDD8-44FB-4DF2-BB3A-17E8DD51951E}.Debug|Any CPU.ActiveCfg = Debug|Any CPU
		{9E0CEDD8-44FB-4DF2-BB3A-17E8DD51951E}.Debug|Any CPU.Build.0 = Debug|Any CPU
		{9E0CEDD8-44FB-4DF2-BB3A-17E8DD51951E}.Debug|x64.ActiveCfg = Debug|Any CPU
		{9E0CEDD8-44FB-4DF2-BB3A-17E8DD51951E}.Debug|x64.Build.0 = Debug|Any CPU
		{9E0CEDD8-44FB-4DF2-BB3A-17E8DD51951E}.Debug|x86.ActiveCfg = Debug|Any CPU
		{9E0CEDD8-44FB-4DF2-BB3A-17E8DD51951E}.Debug|x86.Build.0 = Debug|Any CPU
		{9E0CEDD8-44FB-4DF2-BB3A-17E8DD51951E}.Release|Any CPU.ActiveCfg = Release|Any CPU
		{9E0CEDD8-44FB-4DF2-BB3A-17E8DD51951E}.Release|Any CPU.Build.0 = Release|Any CPU
		{9E0CEDD8-44FB-4DF2-BB3A-17E8DD51951E}.Release|x64.ActiveCfg = Release|Any CPU
		{9E0CEDD8-44FB-4DF2-BB3A-17E8DD51951E}.Release|x64.Build.0 = Release|Any CPU
		{9E0CEDD8-44FB-4DF2-BB3A-17E8DD51951E}.Release|x86.ActiveCfg = Release|Any CPU
		{9E0CEDD8-44FB-4DF2-BB3A-17E8DD51951E}.Release|x86.Build.0 = Release|Any CPU
		{01C9B6CE-1445-4D28-897C-B7856B4339C3}.Debug|Any CPU.ActiveCfg = Debug|Any CPU
		{01C9B6CE-1445-4D28-897C-B7856B4339C3}.Debug|Any CPU.Build.0 = Debug|Any CPU
		{01C9B6CE-1445-4D28-897C-B7856B4339C3}.Debug|x64.ActiveCfg = Debug|Any CPU
		{01C9B6CE-1445-4D28-897C-B7856B4339C3}.Debug|x64.Build.0 = Debug|Any CPU
		{01C9B6CE-1445-4D28-897C-B7856B4339C3}.Debug|x86.ActiveCfg = Debug|Any CPU
		{01C9B6CE-1445-4D28-897C-B7856B4339C3}.Debug|x86.Build.0 = Debug|Any CPU
		{01C9B6CE-1445-4D28-897C-B7856B4339C3}.Release|Any CPU.ActiveCfg = Release|Any CPU
		{01C9B6CE-1445-4D28-897C-B7856B4339C3}.Release|Any CPU.Build.0 = Release|Any CPU
		{01C9B6CE-1445-4D28-897C-B7856B4339C3}.Release|x64.ActiveCfg = Release|Any CPU
		{01C9B6CE-1445-4D28-897C-B7856B4339C3}.Release|x64.Build.0 = Release|Any CPU
		{01C9B6CE-1445-4D28-897C-B7856B4339C3}.Release|x86.ActiveCfg = Release|Any CPU
		{01C9B6CE-1445-4D28-897C-B7856B4339C3}.Release|x86.Build.0 = Release|Any CPU
	EndGlobalSection
	GlobalSection(SolutionProperties) = preSolution
		HideSolutionNode = FALSE
	EndGlobalSection
	GlobalSection(NestedProjects) = preSolution
		{649BA0B5-4DD7-4CD3-94AD-0D70296943CE} = {827E0CD3-B72D-47B6-A68D-7590B98EB39B}
		{CFB1DF4C-1546-429A-9462-1FD192BA4C44} = {827E0CD3-B72D-47B6-A68D-7590B98EB39B}
		{96191DE2-E44D-47EB-A132-4DF45FA3735C} = {827E0CD3-B72D-47B6-A68D-7590B98EB39B}
		{9E0CEDD8-44FB-4DF2-BB3A-17E8DD51951E} = {827E0CD3-B72D-47B6-A68D-7590B98EB39B}
		{01C9B6CE-1445-4D28-897C-B7856B4339C3} = {827E0CD3-B72D-47B6-A68D-7590B98EB39B}
	EndGlobalSection
EndGlobal
